
Microsoft Visual Studio Solution File, Format Version 12.00
# Visual Studio Version 17
VisualStudioVersion = 17.5.33424.131
MinimumVisualStudioVersion = 10.0.40219.1
Project("{9A19103F-16F7-4668-BE54-9A1E7A4F7556}") = "AjaxCleaningHCM.Web", "AjaxCleaningHCM.Web\AjaxCleaningHCM.Web.csproj", "{558B69C4-F8F6-4540-A97F-A8327BB794D8}"
EndProject
Project("{9A19103F-16F7-4668-BE54-9A1E7A4F7556}") = "AjaxCleaningHCM.Infrastructure", "AjaxCleaningHCM.Infrastructure\AjaxCleaningHCM.Infrastructure.csproj", "{B456F7F5-4791-4699-9E31-1EA3BB974949}"
EndProject
Project("{9A19103F-16F7-4668-BE54-9A1E7A4F7556}") = "AjaxCleaningHCM.Core", "AjaxCleaningHCM.Core\AjaxCleaningHCM.Core.csproj", "{CF68F481-7052-46E1-90FD-130EBB1422BF}"
EndProject
Project("{9A19103F-16F7-4668-BE54-9A1E7A4F7556}") = "AjaxCleaningHCM.Domain", "AjaxCleaningHCM.Domain\AjaxCleaningHCM.Domain.csproj", "{24E10D30-92A0-4E70-A175-CB815D3868C7}"
EndProject
Global
	GlobalSection(SolutionConfigurationPlatforms) = preSolution
		Debug|Any CPU = Debug|Any CPU
		Release|Any CPU = Release|Any CPU
	EndGlobalSection
	GlobalSection(ProjectConfigurationPlatforms) = postSolution
		{558B69C4-F8F6-4540-A97F-A8327BB794D8}.Debug|Any CPU.ActiveCfg = Debug|Any CPU
		{558B69C4-F8F6-4540-A97F-A8327BB794D8}.Debug|Any CPU.Build.0 = Debug|Any CPU
		{558B69C4-F8F6-4540-A97F-A8327BB794D8}.Release|Any CPU.ActiveCfg = Release|Any CPU
		{558B69C4-F8F6-4540-A97F-A8327BB794D8}.Release|Any CPU.Build.0 = Release|Any CPU
		{B456F7F5-4791-4699-9E31-1EA3BB974949}.Debug|Any CPU.ActiveCfg = Debug|Any CPU
		{B456F7F5-4791-4699-9E31-1EA3BB974949}.Debug|Any CPU.Build.0 = Debug|Any CPU
		{B456F7F5-4791-4699-9E31-1EA3BB974949}.Release|Any CPU.ActiveCfg = Release|Any CPU
		{B456F7F5-4791-4699-9E31-1EA3BB974949}.Release|Any CPU.Build.0 = Release|Any CPU
		{CF68F481-7052-46E1-90FD-130EBB1422BF}.Debug|Any CPU.ActiveCfg = Debug|Any CPU
		{CF68F481-7052-46E1-90FD-130EBB1422BF}.Debug|Any CPU.Build.0 = Debug|Any CPU
		{CF68F481-7052-46E1-90FD-130EBB1422BF}.Release|Any CPU.ActiveCfg = Release|Any CPU
		{CF68F481-7052-46E1-90FD-130EBB1422BF}.Release|Any CPU.Build.0 = Release|Any CPU
		{24E10D30-92A0-4E70-A175-CB815D3868C7}.Debug|Any CPU.ActiveCfg = Debug|Any CPU
		{24E10D30-92A0-4E70-A175-CB815D3868C7}.Debug|Any CPU.Build.0 = Debug|Any CPU
		{24E10D30-92A0-4E70-A175-CB815D3868C7}.Release|Any CPU.ActiveCfg = Release|Any CPU
		{24E10D30-92A0-4E70-A175-CB815D3868C7}.Release|Any CPU.Build.0 = Release|Any CPU
	EndGlobalSection
	GlobalSection(SolutionProperties) = preSolution
		HideSolutionNode = FALSE
	EndGlobalSection
	GlobalSection(ExtensibilityGlobals) = postSolution
		SolutionGuid = {5F4D5AE4-ABAE-4931-97B3-BC0768EB309F}
	EndGlobalSection
EndGlobal
